
Microsoft Visual Studio Solution File, Format Version 12.00
# Visual Studio Version 17
VisualStudioVersion = 17.6.33815.320
MinimumVisualStudioVersion = 10.0.40219.1
Project("{FAE04EC0-301F-11D3-BF4B-00C04F79EFBC}") = "ComandaOnline", "ComandaOnline\ComandaOnline.csproj", "{3C49AE4F-A1E9-4715-B1C8-EA1E107DE081}"
EndProject
Global
	GlobalSection(SolutionConfigurationPlatforms) = preSolution
		Debug|Any CPU = Debug|Any CPU
		Release|Any CPU = Release|Any CPU
	EndGlobalSection
	GlobalSection(ProjectConfigurationPlatforms) = postSolution
		{3C49AE4F-A1E9-4715-B1C8-EA1E107DE081}.Debug|Any CPU.ActiveCfg = Debug|Any CPU
		{3C49AE4F-A1E9-4715-B1C8-EA1E107DE081}.Debug|Any CPU.Build.0 = Debug|Any CPU
		{3C49AE4F-A1E9-4715-B1C8-EA1E107DE081}.Release|Any CPU.ActiveCfg = Release|Any CPU
		{3C49AE4F-A1E9-4715-B1C8-EA1E107DE081}.Release|Any CPU.Build.0 = Release|Any CPU
	EndGlobalSection
	GlobalSection(SolutionProperties) = preSolution
		HideSolutionNode = FALSE
	EndGlobalSection
	GlobalSection(ExtensibilityGlobals) = postSolution
		SolutionGuid = {964D3EA2-CA09-4F2B-BB82-2DE7D2B8CD5E}
	EndGlobalSection
EndGlobal
